
Microsoft Visual Studio Solution File, Format Version 12.00
# Visual Studio Version 17
VisualStudioVersion = 17.14.36203.30 d17.14
MinimumVisualStudioVersion = 10.0.40219.1
Project("{FAE04EC0-301F-11D3-BF4B-00C04F79EFBC}") = "Final Project", "Final Project\Final Project.csproj", "{EF9A26D4-A1F2-4A68-B400-597C2A5342CD}"
EndProject
Project("{2150E333-8FDC-42A3-9474-1A3956D46DE8}") = "Solution Items", "Solution Items", "{8EC462FD-D22E-90A8-E5CE-7E832BA40C5D}"
	ProjectSection(SolutionItems) = preProject
		docker-compose.yml = docker-compose.yml
	EndProjectSection
EndProject
Global
	GlobalSection(SolutionConfigurationPlatforms) = preSolution
		Debug|Any CPU = Debug|Any CPU
		Release|Any CPU = Release|Any CPU
	EndGlobalSection
	GlobalSection(ProjectConfigurationPlatforms) = postSolution
		{EF9A26D4-A1F2-4A68-B400-597C2A5342CD}.Debug|Any CPU.ActiveCfg = Debug|Any CPU
		{EF9A26D4-A1F2-4A68-B400-597C2A5342CD}.Debug|Any CPU.Build.0 = Debug|Any CPU
		{EF9A26D4-A1F2-4A68-B400-597C2A5342CD}.Release|Any CPU.ActiveCfg = Release|Any CPU
		{EF9A26D4-A1F2-4A68-B400-597C2A5342CD}.Release|Any CPU.Build.0 = Release|Any CPU
	EndGlobalSection
	GlobalSection(SolutionProperties) = preSolution
		HideSolutionNode = FALSE
	EndGlobalSection
	GlobalSection(ExtensibilityGlobals) = postSolution
		SolutionGuid = {624D28F3-3C3C-4F29-8E6C-E30A098C4EF1}
	EndGlobalSection
EndGlobal
